
Microsoft Visual Studio Solution File, Format Version 12.00
# Visual Studio 15
VisualStudioVersion = 15.0.28010.2048
MinimumVisualStudioVersion = 10.0.40219.1
Project("{FAE04EC0-301F-11D3-BF4B-00C04F79EFBC}") = "USytem", "USytem\USytem.csproj", "{A333B471-AE90-4FD6-ABAF-B5943762EF2F}"
EndProject
Global
	GlobalSection(SolutionConfigurationPlatforms) = preSolution
		Debug|Any CPU = Debug|Any CPU
		Release|Any CPU = Release|Any CPU
	EndGlobalSection
	GlobalSection(ProjectConfigurationPlatforms) = postSolution
		{A333B471-AE90-4FD6-ABAF-B5943762EF2F}.Debug|Any CPU.ActiveCfg = Debug|Any CPU
		{A333B471-AE90-4FD6-ABAF-B5943762EF2F}.Debug|Any CPU.Build.0 = Debug|Any CPU
		{A333B471-AE90-4FD6-ABAF-B5943762EF2F}.Release|Any CPU.ActiveCfg = Release|Any CPU
		{A333B471-AE90-4FD6-ABAF-B5943762EF2F}.Release|Any CPU.Build.0 = Release|Any CPU
	EndGlobalSection
	GlobalSection(SolutionProperties) = preSolution
		HideSolutionNode = FALSE
	EndGlobalSection
	GlobalSection(ExtensibilityGlobals) = postSolution
		SolutionGuid = {4950F8D0-AC54-4DC9-AADF-5ED1F622C66E}
	EndGlobalSection
EndGlobal
